
Microsoft Visual Studio Solution File, Format Version 12.00
# Visual Studio 14
VisualStudioVersion = 14.0.25123.0
MinimumVisualStudioVersion = 10.0.40219.1
Project("{8BC9CEB8-8B4A-11D0-8D11-00A0C91BC942}") = "qflprinter", "qflprinter.vcxproj", "{4B94EBCC-58A8-400E-AF74-C94BE9BB6CB8}"
EndProject
Project("{FAE04EC0-301F-11D3-BF4B-00C04F79EFBC}") = "qflprinter-gui", "..\qflprinter-gui\qflprinter-gui.csproj", "{9E991880-8B64-4A36-9F26-23D8A6FE08BA}"
EndProject
Project("{8BC9CEB8-8B4A-11D0-8D11-00A0C91BC942}") = "qflprinter-dll", "..\qflprinter-dll\qflprinter-dll.vcxproj", "{15A9D279-D240-4E80-99E1-0091CC7A7156}"
EndProject
Global
	GlobalSection(SolutionConfigurationPlatforms) = preSolution
		Debug|Any CPU = Debug|Any CPU
		Debug|x64 = Debug|x64
		Debug|x86 = Debug|x86
		Release|Any CPU = Release|Any CPU
		Release|x64 = Release|x64
		Release|x86 = Release|x86
	EndGlobalSection
	GlobalSection(ProjectConfigurationPlatforms) = postSolution
		{4B94EBCC-58A8-400E-AF74-C94BE9BB6CB8}.Debug|Any CPU.ActiveCfg = Debug|Win32
		{4B94EBCC-58A8-400E-AF74-C94BE9BB6CB8}.Debug|x64.ActiveCfg = Debug|x64
		{4B94EBCC-58A8-400E-AF74-C94BE9BB6CB8}.Debug|x64.Build.0 = Debug|x64
		{4B94EBCC-58A8-400E-AF74-C94BE9BB6CB8}.Debug|x86.ActiveCfg = Debug|Win32
		{4B94EBCC-58A8-400E-AF74-C94BE9BB6CB8}.Debug|x86.Build.0 = Debug|Win32
		{4B94EBCC-58A8-400E-AF74-C94BE9BB6CB8}.Release|Any CPU.ActiveCfg = Release|Win32
		{4B94EBCC-58A8-400E-AF74-C94BE9BB6CB8}.Release|x64.ActiveCfg = Release|x64
		{4B94EBCC-58A8-400E-AF74-C94BE9BB6CB8}.Release|x64.Build.0 = Release|x64
		{4B94EBCC-58A8-400E-AF74-C94BE9BB6CB8}.Release|x86.ActiveCfg = Release|Win32
		{4B94EBCC-58A8-400E-AF74-C94BE9BB6CB8}.Release|x86.Build.0 = Release|Win32
		{9E991880-8B64-4A36-9F26-23D8A6FE08BA}.Debug|Any CPU.ActiveCfg = Debug|Any CPU
		{9E991880-8B64-4A36-9F26-23D8A6FE08BA}.Debug|Any CPU.Build.0 = Debug|Any CPU
		{9E991880-8B64-4A36-9F26-23D8A6FE08BA}.Debug|x64.ActiveCfg = Debug|Any CPU
		{9E991880-8B64-4A36-9F26-23D8A6FE08BA}.Debug|x64.Build.0 = Debug|Any CPU
		{9E991880-8B64-4A36-9F26-23D8A6FE08BA}.Debug|x86.ActiveCfg = Debug|Any CPU
		{9E991880-8B64-4A36-9F26-23D8A6FE08BA}.Debug|x86.Build.0 = Debug|Any CPU
		{9E991880-8B64-4A36-9F26-23D8A6FE08BA}.Release|Any CPU.ActiveCfg = Release|Any CPU
		{9E991880-8B64-4A36-9F26-23D8A6FE08BA}.Release|Any CPU.Build.0 = Release|Any CPU
		{9E991880-8B64-4A36-9F26-23D8A6FE08BA}.Release|x64.ActiveCfg = Release|Any CPU
		{9E991880-8B64-4A36-9F26-23D8A6FE08BA}.Release|x64.Build.0 = Release|Any CPU
		{9E991880-8B64-4A36-9F26-23D8A6FE08BA}.Release|x86.ActiveCfg = Release|Any CPU
		{9E991880-8B64-4A36-9F26-23D8A6FE08BA}.Release|x86.Build.0 = Release|Any CPU
		{15A9D279-D240-4E80-99E1-0091CC7A7156}.Debug|Any CPU.ActiveCfg = Debug|Win32
		{15A9D279-D240-4E80-99E1-0091CC7A7156}.Debug|x64.ActiveCfg = Debug|x64
		{15A9D279-D240-4E80-99E1-0091CC7A7156}.Debug|x64.Build.0 = Debug|x64
		{15A9D279-D240-4E80-99E1-0091CC7A7156}.Debug|x86.ActiveCfg = Debug|Win32
		{15A9D279-D240-4E80-99E1-0091CC7A7156}.Debug|x86.Build.0 = Debug|Win32
		{15A9D279-D240-4E80-99E1-0091CC7A7156}.Release|Any CPU.ActiveCfg = Release|Win32
		{15A9D279-D240-4E80-99E1-0091CC7A7156}.Release|x64.ActiveCfg = Release|x64
		{15A9D279-D240-4E80-99E1-0091CC7A7156}.Release|x64.Build.0 = Release|x64
		{15A9D279-D240-4E80-99E1-0091CC7A7156}.Release|x86.ActiveCfg = Release|Win32
		{15A9D279-D240-4E80-99E1-0091CC7A7156}.Release|x86.Build.0 = Release|Win32
	EndGlobalSection
	GlobalSection(SolutionProperties) = preSolution
		HideSolutionNode = FALSE
	EndGlobalSection
EndGlobal
